
Microsoft Visual Studio Solution File, Format Version 12.00
# Visual Studio Version 17
VisualStudioVersion = 17.6.33829.357
MinimumVisualStudioVersion = 10.0.40219.1
Project("{FAE04EC0-301F-11D3-BF4B-00C04F79EFBC}") = "DataverseEventListener", "DataverseEventListener.csproj", "{96590FE1-720B-46A1-8AB8-F8BFAE92AFD9}"
EndProject
Global
	GlobalSection(SolutionConfigurationPlatforms) = preSolution
		Debug|Any CPU = Debug|Any CPU
		Release|Any CPU = Release|Any CPU
	EndGlobalSection
	GlobalSection(ProjectConfigurationPlatforms) = postSolution
		{96590FE1-720B-46A1-8AB8-F8BFAE92AFD9}.Debug|Any CPU.ActiveCfg = Debug|Any CPU
		{96590FE1-720B-46A1-8AB8-F8BFAE92AFD9}.Debug|Any CPU.Build.0 = Debug|Any CPU
		{96590FE1-720B-46A1-8AB8-F8BFAE92AFD9}.Release|Any CPU.ActiveCfg = Release|Any CPU
		{96590FE1-720B-46A1-8AB8-F8BFAE92AFD9}.Release|Any CPU.Build.0 = Release|Any CPU
	EndGlobalSection
	GlobalSection(SolutionProperties) = preSolution
		HideSolutionNode = FALSE
	EndGlobalSection
	GlobalSection(ExtensibilityGlobals) = postSolution
		SolutionGuid = {C8C9608E-E97B-43B0-908C-6B18E89C90C2}
	EndGlobalSection
EndGlobal
